
Microsoft Visual Studio Solution File, Format Version 12.00
# Visual Studio Version 17
VisualStudioVersion = 17.3.32901.215
MinimumVisualStudioVersion = 10.0.40219.1
Project("{FAE04EC0-301F-11D3-BF4B-00C04F79EFBC}") = "Lecture Example - Selection Box ( ListBox and Combo Box )", "Lecture Example - Selection Box ( ListBox and Combo Box ).csproj", "{05A7A6A0-0FFE-4C08-A811-8F806F94443E}"
EndProject
Global
	GlobalSection(SolutionConfigurationPlatforms) = preSolution
		Debug|Any CPU = Debug|Any CPU
		Release|Any CPU = Release|Any CPU
	EndGlobalSection
	GlobalSection(ProjectConfigurationPlatforms) = postSolution
		{05A7A6A0-0FFE-4C08-A811-8F806F94443E}.Debug|Any CPU.ActiveCfg = Debug|Any CPU
		{05A7A6A0-0FFE-4C08-A811-8F806F94443E}.Debug|Any CPU.Build.0 = Debug|Any CPU
		{05A7A6A0-0FFE-4C08-A811-8F806F94443E}.Release|Any CPU.ActiveCfg = Release|Any CPU
		{05A7A6A0-0FFE-4C08-A811-8F806F94443E}.Release|Any CPU.Build.0 = Release|Any CPU
	EndGlobalSection
	GlobalSection(SolutionProperties) = preSolution
		HideSolutionNode = FALSE
	EndGlobalSection
	GlobalSection(ExtensibilityGlobals) = postSolution
		SolutionGuid = {04B1D030-9EA5-46D7-9387-B39DBCE2B00F}
	EndGlobalSection
EndGlobal
